
Microsoft Visual Studio Solution File, Format Version 12.00
# Visual Studio Version 17
VisualStudioVersion = 17.7.34202.233
MinimumVisualStudioVersion = 10.0.40219.1
Project("{9A19103F-16F7-4668-BE54-9A1E7A4F7556}") = "Model", "Model\Model.csproj", "{43F1B4C3-C5B4-45FE-AB67-20FE9EDE8E41}"
EndProject
Project("{9A19103F-16F7-4668-BE54-9A1E7A4F7556}") = "DAL", "DAL\DAL.csproj", "{9AED9240-B8D7-45E6-B537-737FEE0EE1EB}"
	ProjectSection(ProjectDependencies) = postProject
		{43F1B4C3-C5B4-45FE-AB67-20FE9EDE8E41} = {43F1B4C3-C5B4-45FE-AB67-20FE9EDE8E41}
	EndProjectSection
EndProject
Project("{FAE04EC0-301F-11D3-BF4B-00C04F79EFBC}") = "API", "API\API.csproj", "{87B76352-13BD-4A6E-9250-C11DA6A632D9}"
	ProjectSection(ProjectDependencies) = postProject
		{9AED9240-B8D7-45E6-B537-737FEE0EE1EB} = {9AED9240-B8D7-45E6-B537-737FEE0EE1EB}
	EndProjectSection
EndProject
Global
	GlobalSection(SolutionConfigurationPlatforms) = preSolution
		Debug|Any CPU = Debug|Any CPU
		Release|Any CPU = Release|Any CPU
	EndGlobalSection
	GlobalSection(ProjectConfigurationPlatforms) = postSolution
		{43F1B4C3-C5B4-45FE-AB67-20FE9EDE8E41}.Debug|Any CPU.ActiveCfg = Debug|Any CPU
		{43F1B4C3-C5B4-45FE-AB67-20FE9EDE8E41}.Debug|Any CPU.Build.0 = Debug|Any CPU
		{43F1B4C3-C5B4-45FE-AB67-20FE9EDE8E41}.Release|Any CPU.ActiveCfg = Release|Any CPU
		{43F1B4C3-C5B4-45FE-AB67-20FE9EDE8E41}.Release|Any CPU.Build.0 = Release|Any CPU
		{9AED9240-B8D7-45E6-B537-737FEE0EE1EB}.Debug|Any CPU.ActiveCfg = Debug|Any CPU
		{9AED9240-B8D7-45E6-B537-737FEE0EE1EB}.Debug|Any CPU.Build.0 = Debug|Any CPU
		{9AED9240-B8D7-45E6-B537-737FEE0EE1EB}.Release|Any CPU.ActiveCfg = Release|Any CPU
		{9AED9240-B8D7-45E6-B537-737FEE0EE1EB}.Release|Any CPU.Build.0 = Release|Any CPU
		{87B76352-13BD-4A6E-9250-C11DA6A632D9}.Debug|Any CPU.ActiveCfg = Debug|Any CPU
		{87B76352-13BD-4A6E-9250-C11DA6A632D9}.Debug|Any CPU.Build.0 = Debug|Any CPU
		{87B76352-13BD-4A6E-9250-C11DA6A632D9}.Release|Any CPU.ActiveCfg = Release|Any CPU
		{87B76352-13BD-4A6E-9250-C11DA6A632D9}.Release|Any CPU.Build.0 = Release|Any CPU
	EndGlobalSection
	GlobalSection(SolutionProperties) = preSolution
		HideSolutionNode = FALSE
	EndGlobalSection
	GlobalSection(ExtensibilityGlobals) = postSolution
		SolutionGuid = {37FDA179-B0FD-45B5-91FE-A29E0BAB0D37}
	EndGlobalSection
EndGlobal
